
Microsoft Visual Studio Solution File, Format Version 12.00
# Visual Studio Version 17
VisualStudioVersion = 17.3.32819.101
MinimumVisualStudioVersion = 10.0.40219.1
Project("{9A19103F-16F7-4668-BE54-9A1E7A4F7556}") = "EMS.Data", "EMS.Data\EMS.Data.csproj", "{FCD7E7DD-C8C0-4BD1-9159-D6990C2D9689}"
EndProject
Project("{9A19103F-16F7-4668-BE54-9A1E7A4F7556}") = "EMS.Business", "EMS.Business\EMS.Business.csproj", "{43252E86-DECC-4722-B248-1613F0B9E5A0}"
EndProject
Project("{9A19103F-16F7-4668-BE54-9A1E7A4F7556}") = "EMS.Client", "EMS.Client\EMS.Client.csproj", "{071DD940-2BBE-4BA1-9A6F-E6D153E1B61B}"
EndProject
Project("{FAE04EC0-301F-11D3-BF4B-00C04F79EFBC}") = "EMS.Test", "EMS.Test\EMS.Test.csproj", "{E16E8519-7617-4F4E-85B2-A021E97C6812}"
EndProject
Global
	GlobalSection(SolutionConfigurationPlatforms) = preSolution
		Debug|Any CPU = Debug|Any CPU
		Release|Any CPU = Release|Any CPU
	EndGlobalSection
	GlobalSection(ProjectConfigurationPlatforms) = postSolution
		{FCD7E7DD-C8C0-4BD1-9159-D6990C2D9689}.Debug|Any CPU.ActiveCfg = Debug|Any CPU
		{FCD7E7DD-C8C0-4BD1-9159-D6990C2D9689}.Debug|Any CPU.Build.0 = Debug|Any CPU
		{FCD7E7DD-C8C0-4BD1-9159-D6990C2D9689}.Release|Any CPU.ActiveCfg = Release|Any CPU
		{FCD7E7DD-C8C0-4BD1-9159-D6990C2D9689}.Release|Any CPU.Build.0 = Release|Any CPU
		{43252E86-DECC-4722-B248-1613F0B9E5A0}.Debug|Any CPU.ActiveCfg = Debug|Any CPU
		{43252E86-DECC-4722-B248-1613F0B9E5A0}.Debug|Any CPU.Build.0 = Debug|Any CPU
		{43252E86-DECC-4722-B248-1613F0B9E5A0}.Release|Any CPU.ActiveCfg = Release|Any CPU
		{43252E86-DECC-4722-B248-1613F0B9E5A0}.Release|Any CPU.Build.0 = Release|Any CPU
		{071DD940-2BBE-4BA1-9A6F-E6D153E1B61B}.Debug|Any CPU.ActiveCfg = Debug|Any CPU
		{071DD940-2BBE-4BA1-9A6F-E6D153E1B61B}.Debug|Any CPU.Build.0 = Debug|Any CPU
		{071DD940-2BBE-4BA1-9A6F-E6D153E1B61B}.Release|Any CPU.ActiveCfg = Release|Any CPU
		{071DD940-2BBE-4BA1-9A6F-E6D153E1B61B}.Release|Any CPU.Build.0 = Release|Any CPU
		{E16E8519-7617-4F4E-85B2-A021E97C6812}.Debug|Any CPU.ActiveCfg = Debug|Any CPU
		{E16E8519-7617-4F4E-85B2-A021E97C6812}.Debug|Any CPU.Build.0 = Debug|Any CPU
		{E16E8519-7617-4F4E-85B2-A021E97C6812}.Release|Any CPU.ActiveCfg = Release|Any CPU
		{E16E8519-7617-4F4E-85B2-A021E97C6812}.Release|Any CPU.Build.0 = Release|Any CPU
	EndGlobalSection
	GlobalSection(SolutionProperties) = preSolution
		HideSolutionNode = FALSE
	EndGlobalSection
	GlobalSection(ExtensibilityGlobals) = postSolution
		SolutionGuid = {3D537E97-14FA-44E5-B0B4-D14107A29437}
	EndGlobalSection
EndGlobal
